# THIS IS AN AUTOGENERATED FILE. DO NOT EDIT THIS FILE DIRECTLY.
# yarn lockfile v1


"@esbuild/darwin-arm64@0.20.2":
  version "0.20.2"
  resolved "https://registry.npmjs.org/@esbuild/darwin-arm64/-/darwin-arm64-0.20.2.tgz"
  integrity sha512-4J6IRT+10J3aJH3l1yzEg9y3wkTDgDk7TSDFX+wKFiWjqWp/iCfLIYzGyasx9l0SAFPT1HwSCR+0w/h1ES/MjA==

"@loaders.gl/core@^4.0.0", "@loaders.gl/core@^4.2.1":
  version "4.2.1"
  resolved "https://registry.npmjs.org/@loaders.gl/core/-/core-4.2.1.tgz"
  integrity sha512-VadjNJaH3oixqhUgu4SbmEALar7ELinXbIh6gxYPhFNdEicPXmFT3qrZG49p9x6KG/iP3vWR2jOHgebyFMeXPg==
  dependencies:
    "@loaders.gl/loader-utils" "4.2.1"
    "@loaders.gl/schema" "4.2.1"
    "@loaders.gl/worker-utils" "4.2.1"
    "@probe.gl/log" "^4.0.2"

"@loaders.gl/draco@4.2.1":
  version "4.2.1"
  resolved "https://registry.npmjs.org/@loaders.gl/draco/-/draco-4.2.1.tgz"
  integrity sha512-Iw2rL6Qi08xoiXlP63DcWa0M5znULrZPzlus3cmgrx2cPazT7Cp5nRG78z/XvsnriwhBZWAdb6saG3NRtLpHWA==
  dependencies:
    "@loaders.gl/loader-utils" "4.2.1"
    "@loaders.gl/schema" "4.2.1"
    "@loaders.gl/worker-utils" "4.2.1"
    draco3d "1.5.7"

"@loaders.gl/gltf@^4.2.1":
  version "4.2.1"
  resolved "https://registry.npmjs.org/@loaders.gl/gltf/-/gltf-4.2.1.tgz"
  integrity sha512-EjEQv3ovOskLDSrCzYiE1S7i4gCvrqYmgVc5ThkpCuDFwBszOZjLFtPscj9ORI7jof4JFosvzWx1Cn5DvRVIhA==
  dependencies:
    "@loaders.gl/draco" "4.2.1"
    "@loaders.gl/images" "4.2.1"
    "@loaders.gl/loader-utils" "4.2.1"
    "@loaders.gl/schema" "4.2.1"
    "@loaders.gl/textures" "4.2.1"
    "@math.gl/core" "^4.0.0"

"@loaders.gl/images@4.2.1":
  version "4.2.1"
  resolved "https://registry.npmjs.org/@loaders.gl/images/-/images-4.2.1.tgz"
  integrity sha512-w/CPNmnqu1eutOo3BJ30ad3CXHPs5vPa9ZzwAL6PQSMb+rqaCRVCfHlaDedzBh+KyPfC9C+q62ouQvzUT5XKDg==
  dependencies:
    "@loaders.gl/loader-utils" "4.2.1"

"@loaders.gl/loader-utils@4.2.1":
  version "4.2.1"
  resolved "https://registry.npmjs.org/@loaders.gl/loader-utils/-/loader-utils-4.2.1.tgz"
  integrity sha512-8algFDeaEB+ceXJK9/s/d/YjBfCEXXGrsIyGF18APfWTldzEwYoL/D8VV8RnklR7ICJjYCotBoF96USkoB9tMQ==
  dependencies:
    "@loaders.gl/schema" "4.2.1"
    "@loaders.gl/worker-utils" "4.2.1"
    "@probe.gl/stats" "^4.0.2"

"@loaders.gl/obj@^4.2.1":
  version "4.2.1"
  resolved "https://registry.npmjs.org/@loaders.gl/obj/-/obj-4.2.1.tgz"
  integrity sha512-ihSaIS0CXI0HWdlAeqmxk51Iy0ibReYUZgLYsa4ZQ/ygLcosyl+srnn+A4yOAdoQMOo5dTUURAtrbBL9jOgSeA==
  dependencies:
    "@loaders.gl/loader-utils" "4.2.1"
    "@loaders.gl/schema" "4.2.1"

"@loaders.gl/schema@4.2.1":
  version "4.2.1"
  resolved "https://registry.npmjs.org/@loaders.gl/schema/-/schema-4.2.1.tgz"
  integrity sha512-uhcQmeOJDmosWGlGRVEwx5zCTcME6Fy7QiR+IuEZaUyEkcFJZU8Ccit4d5ap9gHz1avANzan/+h2dECSpjd8wg==
  dependencies:
    "@types/geojson" "^7946.0.7"

"@loaders.gl/textures@4.2.1":
  version "4.2.1"
  resolved "https://registry.npmjs.org/@loaders.gl/textures/-/textures-4.2.1.tgz"
  integrity sha512-gNLbNgKaLHuD68+ILXCx0XhxnTFEzWsHJ/1EVk48TjZ83EEYWNMsTwJhGtsu8U4CX/4D5vQ1Fc9oIT7mDR1JsQ==
  dependencies:
    "@loaders.gl/images" "4.2.1"
    "@loaders.gl/loader-utils" "4.2.1"
    "@loaders.gl/schema" "4.2.1"
    "@loaders.gl/worker-utils" "4.2.1"
    "@math.gl/types" "^4.0.1"
    ktx-parse "^0.0.4"
    texture-compressor "^1.0.2"

"@loaders.gl/worker-utils@4.2.1":
  version "4.2.1"
  resolved "https://registry.npmjs.org/@loaders.gl/worker-utils/-/worker-utils-4.2.1.tgz"
  integrity sha512-+cZEgmyHQ3SPYX8Lzeqd7JZaMPbbnJuQs7fyMbfBeb7hmkO4XNwo/tnk/vKSmP24YMugAbWrxRlKNI0CMbkOhw==

"@math.gl/core@^4.0.0":
  version "4.0.1"
  resolved "https://registry.npmjs.org/@math.gl/core/-/core-4.0.1.tgz"
  integrity sha512-9IewNjR9V66o+gYIIq5agFoHy6ZT6DRpRGQBfsUpZz4glAqOjVt64he8GGzjpmqfT+kKT4qwQ7nQl/hZLF15qA==
  dependencies:
    "@math.gl/types" "4.0.1"

"@math.gl/types@^4.0.1", "@math.gl/types@4.0.1":
  version "4.0.1"
  resolved "https://registry.npmjs.org/@math.gl/types/-/types-4.0.1.tgz"
  integrity sha512-E9qBKAjVBiZD8Is7TbygiLGtYBP3GSLus6RUJSuzFQegdYXeVagvrs4UkBJxhrRAxw4crfH0Tq7IhTMKuuJNQw==

"@probe.gl/env@4.0.9":
  version "4.0.9"
  resolved "https://registry.npmjs.org/@probe.gl/env/-/env-4.0.9.tgz"
  integrity sha512-AOmVMD0/j78mX+k4+qX7ZhE0sY9H+EaJgIO6trik0BwV6VcrwxTGCGFAeuRsIGhETDnye06tkLXccYatYxAYwQ==

"@probe.gl/log@^4.0.2":
  version "4.0.9"
  resolved "https://registry.npmjs.org/@probe.gl/log/-/log-4.0.9.tgz"
  integrity sha512-ebuZaodSRE9aC+3bVC7cKRHT8garXeT1jTbj1R5tQRqQYc9iGeT3iemVOHx5bN9Q6gAs/0j54iPI+1DvWMAW4A==
  dependencies:
    "@probe.gl/env" "4.0.9"

"@probe.gl/stats@^4.0.2":
  version "4.0.9"
  resolved "https://registry.npmjs.org/@probe.gl/stats/-/stats-4.0.9.tgz"
  integrity sha512-Q9Xt/sJUQaMsbjRKjOscv2t7wXIymTrOEJ4a3da4FTCn7bkKvcdxdyFAQySCrtPxE+YZ5I5lXpWPgv9BwmpE1g==

"@rollup/rollup-darwin-arm64@4.17.2":
  version "4.17.2"
  resolved "https://registry.npmjs.org/@rollup/rollup-darwin-arm64/-/rollup-darwin-arm64-4.17.2.tgz"
  integrity sha512-kcMLpE6uCwls023+kknm71ug7MZOrtXo+y5p/tsg6jltpDtgQY1Eq5sGfHcQfb+lfuKwhBmEURDga9N0ol4YPw==

"@types/estree@1.0.5":
  version "1.0.5"
  resolved "https://registry.npmjs.org/@types/estree/-/estree-1.0.5.tgz"
  integrity sha512-/kYRxGDLWzHOB7q+wtSUQlFrtcdUccpfy+X+9iMBpHK8QLLhx2wIPYuS5DYtR9Wa/YlZAbIovy7qVdB1Aq6Lyw==

"@types/geojson@^7946.0.7":
  version "7946.0.14"
  resolved "https://registry.npmjs.org/@types/geojson/-/geojson-7946.0.14.tgz"
  integrity sha512-WCfD5Ht3ZesJUsONdhvm84dmzWOiOzOAqOncN0++w0lBw1o8OuDNJF2McvvCef/yBqb/HYRahp1BYtODFQ8bRg==

argparse@^1.0.10:
  version "1.0.10"
  resolved "https://registry.npmjs.org/argparse/-/argparse-1.0.10.tgz"
  integrity sha512-o5Roy6tNG4SL/FOkCAN6RzjiakZS25RLYFrcMttJqbdd8BWrnA+fGz57iN5Pb06pvBGvl5gQ0B48dJlslXvoTg==
  dependencies:
    sprintf-js "~1.0.2"

draco3d@1.5.7:
  version "1.5.7"
  resolved "https://registry.npmjs.org/draco3d/-/draco3d-1.5.7.tgz"
  integrity sha512-m6WCKt/erDXcw+70IJXnG7M3awwQPAsZvJGX5zY7beBqpELw6RDGkYVU0W43AFxye4pDZ5i2Lbyc/NNGqwjUVQ==

esbuild@^0.20.1:
  version "0.20.2"
  resolved "https://registry.npmjs.org/esbuild/-/esbuild-0.20.2.tgz"
  integrity sha512-WdOOppmUNU+IbZ0PaDiTst80zjnrOkyJNHoKupIcVyU8Lvla3Ugx94VzkQ32Ijqd7UhHJy75gNWDMUekcrSJ6g==
  optionalDependencies:
    "@esbuild/aix-ppc64" "0.20.2"
    "@esbuild/android-arm" "0.20.2"
    "@esbuild/android-arm64" "0.20.2"
    "@esbuild/android-x64" "0.20.2"
    "@esbuild/darwin-arm64" "0.20.2"
    "@esbuild/darwin-x64" "0.20.2"
    "@esbuild/freebsd-arm64" "0.20.2"
    "@esbuild/freebsd-x64" "0.20.2"
    "@esbuild/linux-arm" "0.20.2"
    "@esbuild/linux-arm64" "0.20.2"
    "@esbuild/linux-ia32" "0.20.2"
    "@esbuild/linux-loong64" "0.20.2"
    "@esbuild/linux-mips64el" "0.20.2"
    "@esbuild/linux-ppc64" "0.20.2"
    "@esbuild/linux-riscv64" "0.20.2"
    "@esbuild/linux-s390x" "0.20.2"
    "@esbuild/linux-x64" "0.20.2"
    "@esbuild/netbsd-x64" "0.20.2"
    "@esbuild/openbsd-x64" "0.20.2"
    "@esbuild/sunos-x64" "0.20.2"
    "@esbuild/win32-arm64" "0.20.2"
    "@esbuild/win32-ia32" "0.20.2"
    "@esbuild/win32-x64" "0.20.2"

fsevents@~2.3.2, fsevents@~2.3.3:
  version "2.3.3"
  resolved "https://registry.npmjs.org/fsevents/-/fsevents-2.3.3.tgz"
  integrity sha512-5xoDfX+fL7faATnagmWPpbFtwh/R77WmMMqqHGS65C3vvB0YHrgF+B1YmZ3441tMj5n63k0212XNoJwzlhffQw==

gl-matrix@^3.4.3:
  version "3.4.3"
  resolved "https://registry.npmjs.org/gl-matrix/-/gl-matrix-3.4.3.tgz"
  integrity sha512-wcCp8vu8FT22BnvKVPjXa/ICBWRq/zjFfdofZy1WSpQZpphblv12/bOQLBC1rMM7SGOFS9ltVmKOHil5+Ml7gA==

image-size@^0.7.4:
  version "0.7.5"
  resolved "https://registry.npmjs.org/image-size/-/image-size-0.7.5.tgz"
  integrity sha512-Hiyv+mXHfFEP7LzUL/llg9RwFxxY+o9N3JVLIeG5E7iFIFAalxvRU9UZthBdYDEVnzHMgjnKJPPpay5BWf1g9g==

ktx-parse@^0.0.4:
  version "0.0.4"
  resolved "https://registry.npmjs.org/ktx-parse/-/ktx-parse-0.0.4.tgz"
  integrity sha512-LY3nrmfXl+wZZdPxgJ3ZmLvG+wkOZZP3/dr4RbQj1Pk3Qwz44esOOSFFVQJcNWpXAtiNIC66WgXufX/SYgYz6A==

nanoid@^3.3.7:
  version "3.3.7"
  resolved "https://registry.npmjs.org/nanoid/-/nanoid-3.3.7.tgz"
  integrity sha512-eSRppjcPIatRIMC1U6UngP8XFcz8MQWGQdt1MTBQ7NaAmvXDfvNxbvWV3x2y6CdEUciCSsDHDQZbhYaB8QEo2g==

picocolors@^1.0.0:
  version "1.0.0"
  resolved "https://registry.npmjs.org/picocolors/-/picocolors-1.0.0.tgz"
  integrity sha512-1fygroTLlHu66zi26VoTDv8yRgm0Fccecssto+MhsZ0D/DGW2sm8E8AjW7NU5VVTRt5GxbeZ5qBuJr+HyLYkjQ==

postcss@^8.4.38:
  version "8.4.38"
  resolved "https://registry.npmjs.org/postcss/-/postcss-8.4.38.tgz"
  integrity sha512-Wglpdk03BSfXkHoQa3b/oulrotAkwrlLDRSOb9D0bN86FdRyE9lppSp33aHNPgBa0JKCoB+drFLZkQoRRYae5A==
  dependencies:
    nanoid "^3.3.7"
    picocolors "^1.0.0"
    source-map-js "^1.2.0"

rollup@^4.13.0:
  version "4.17.2"
  resolved "https://registry.npmjs.org/rollup/-/rollup-4.17.2.tgz"
  integrity sha512-/9ClTJPByC0U4zNLowV1tMBe8yMEAxewtR3cUNX5BoEpGH3dQEWpJLr6CLp0fPdYRF/fzVOgvDb1zXuakwF5kQ==
  dependencies:
    "@types/estree" "1.0.5"
  optionalDependencies:
    "@rollup/rollup-android-arm-eabi" "4.17.2"
    "@rollup/rollup-android-arm64" "4.17.2"
    "@rollup/rollup-darwin-arm64" "4.17.2"
    "@rollup/rollup-darwin-x64" "4.17.2"
    "@rollup/rollup-linux-arm-gnueabihf" "4.17.2"
    "@rollup/rollup-linux-arm-musleabihf" "4.17.2"
    "@rollup/rollup-linux-arm64-gnu" "4.17.2"
    "@rollup/rollup-linux-arm64-musl" "4.17.2"
    "@rollup/rollup-linux-powerpc64le-gnu" "4.17.2"
    "@rollup/rollup-linux-riscv64-gnu" "4.17.2"
    "@rollup/rollup-linux-s390x-gnu" "4.17.2"
    "@rollup/rollup-linux-x64-gnu" "4.17.2"
    "@rollup/rollup-linux-x64-musl" "4.17.2"
    "@rollup/rollup-win32-arm64-msvc" "4.17.2"
    "@rollup/rollup-win32-ia32-msvc" "4.17.2"
    "@rollup/rollup-win32-x64-msvc" "4.17.2"
    fsevents "~2.3.2"

source-map-js@^1.2.0:
  version "1.2.0"
  resolved "https://registry.npmjs.org/source-map-js/-/source-map-js-1.2.0.tgz"
  integrity sha512-itJW8lvSA0TXEphiRoawsCksnlf8SyvmFzIhltqAHluXd88pkCd+cXJVHTDwdCr0IzwptSm035IHQktUu1QUMg==

sprintf-js@~1.0.2:
  version "1.0.3"
  resolved "https://registry.npmjs.org/sprintf-js/-/sprintf-js-1.0.3.tgz"
  integrity sha512-D9cPgkvLlV3t3IzL0D0YLvGA9Ahk4PcvVwUbN0dSGr1aP0Nrt4AEnTUbuGvquEC0mA64Gqt1fzirlRs5ibXx8g==

texture-compressor@^1.0.2:
  version "1.0.2"
  resolved "https://registry.npmjs.org/texture-compressor/-/texture-compressor-1.0.2.tgz"
  integrity sha512-dStVgoaQ11mA5htJ+RzZ51ZxIZqNOgWKAIvtjLrW1AliQQLCmrDqNzQZ8Jh91YealQ95DXt4MEduLzJmbs6lig==
  dependencies:
    argparse "^1.0.10"
    image-size "^0.7.4"

three@^0.164.1:
  version "0.164.1"
  resolved "https://registry.npmjs.org/three/-/three-0.164.1.tgz"
  integrity sha512-iC/hUBbl1vzFny7f5GtqzVXYjMJKaTPxiCxXfrvVdBi1Sf+jhd1CAkitiFwC7mIBFCo3MrDLJG97yisoaWig0w==

vite@^5.2.0:
  version "5.2.11"
  resolved "https://registry.npmjs.org/vite/-/vite-5.2.11.tgz"
  integrity sha512-HndV31LWW05i1BLPMUCE1B9E9GFbOu1MbenhS58FuK6owSO5qHm7GiCotrNY1YE5rMeQSFBGmT5ZaLEjFizgiQ==
  dependencies:
    esbuild "^0.20.1"
    postcss "^8.4.38"
    rollup "^4.13.0"
  optionalDependencies:
    fsevents "~2.3.3"
